
Microsoft Visual Studio Solution File, Format Version 12.00
# Visual Studio Version 17
VisualStudioVersion = 17.5.002.0
MinimumVisualStudioVersion = 10.0.40219.1
Project("{9A19103F-16F7-4668-BE54-9A1E7A4F7556}") = "Totp.Desktop", "Totp.Desktop.csproj", "{98582F3E-98A2-4A0F-A4FC-24DD0351F063}"
EndProject
Global
	GlobalSection(SolutionConfigurationPlatforms) = preSolution
		Debug|Any CPU = Debug|Any CPU
		Release|Any CPU = Release|Any CPU
	EndGlobalSection
	GlobalSection(ProjectConfigurationPlatforms) = postSolution
		{98582F3E-98A2-4A0F-A4FC-24DD0351F063}.Debug|Any CPU.ActiveCfg = Debug|Any CPU
		{98582F3E-98A2-4A0F-A4FC-24DD0351F063}.Debug|Any CPU.Build.0 = Debug|Any CPU
		{98582F3E-98A2-4A0F-A4FC-24DD0351F063}.Release|Any CPU.ActiveCfg = Release|Any CPU
		{98582F3E-98A2-4A0F-A4FC-24DD0351F063}.Release|Any CPU.Build.0 = Release|Any CPU
	EndGlobalSection
	GlobalSection(SolutionProperties) = preSolution
		HideSolutionNode = FALSE
	EndGlobalSection
	GlobalSection(ExtensibilityGlobals) = postSolution
		SolutionGuid = {2D30A2CB-6961-4058-AAF8-1CCFB3A3BE41}
	EndGlobalSection
EndGlobal
